# This file is automatically @generated by Cargo.
# It is not intended for manual editing.
version = 3

[[package]]
name = "cgp"
version = "0.1.0"
dependencies = [
 "cgp-core",
 "cgp-extra",
]

[[package]]
name = "cgp-async"
version = "0.1.0"
dependencies = [
 "cgp-async-macro",
]

[[package]]
name = "cgp-async-macro"
version = "0.1.0"
dependencies = [
 "proc-macro2",
 "quote",
 "syn",
]

[[package]]
name = "cgp-component"
version = "0.1.0"
dependencies = [
 "cgp-async",
 "cgp-component-macro",
]

[[package]]
name = "cgp-component-macro"
version = "0.1.0"
dependencies = [
 "cgp-component-macro-lib",
 "proc-macro2",
]

[[package]]
name = "cgp-component-macro-lib"
version = "0.1.0"
dependencies = [
 "itertools",
 "prettyplease",
 "proc-macro2",
 "quote",
 "syn",
]

[[package]]
name = "cgp-core"
version = "0.1.0"
dependencies = [
 "cgp-async",
 "cgp-component",
 "cgp-error",
 "cgp-field",
 "cgp-inner",
 "cgp-type",
]

[[package]]
name = "cgp-error"
version = "0.1.0"
dependencies = [
 "cgp-async",
 "cgp-component",
 "cgp-type",
]

[[package]]
name = "cgp-error-eyre"
version = "0.1.0"
dependencies = [
 "cgp-core",
 "eyre",
]

[[package]]
name = "cgp-error-std"
version = "0.1.0"
dependencies = [
 "cgp-core",
]

[[package]]
name = "cgp-extra"
version = "0.1.0"
dependencies = [
 "cgp-run",
]

[[package]]
name = "cgp-field"
version = "0.1.0"
dependencies = [
 "cgp-component",
 "cgp-field-macro",
 "cgp-type",
]

[[package]]
name = "cgp-field-macro"
version = "0.1.0"
dependencies = [
 "cgp-field-macro-lib",
 "proc-macro2",
]

[[package]]
name = "cgp-field-macro-lib"
version = "0.1.0"
dependencies = [
 "itertools",
 "prettyplease",
 "proc-macro2",
 "quote",
 "syn",
]

[[package]]
name = "cgp-inner"
version = "0.1.0"
dependencies = [
 "cgp-async",
 "cgp-component",
]

[[package]]
name = "cgp-run"
version = "0.1.0"
dependencies = [
 "cgp-async",
 "cgp-component",
 "cgp-error",
]

[[package]]
name = "cgp-sync"
version = "0.1.0"
dependencies = [
 "cgp-async-macro",
]

[[package]]
name = "cgp-type"
version = "0.1.0"
dependencies = [
 "cgp-component",
]

[[package]]
name = "either"
version = "1.13.0"
source = "registry+https://github.com/rust-lang/crates.io-index"
checksum = "60b1af1c220855b6ceac025d3f6ecdd2b7c4894bfe9cd9bda4fbb4bc7c0d4cf0"

[[package]]
name = "eyre"
version = "0.6.11"
source = "registry+https://github.com/rust-lang/crates.io-index"
checksum = "b6267a1fa6f59179ea4afc8e50fd8612a3cc60bc858f786ff877a4a8cb042799"
dependencies = [
 "indenter",
 "once_cell",
]

[[package]]
name = "indenter"
version = "0.3.3"
source = "registry+https://github.com/rust-lang/crates.io-index"
checksum = "ce23b50ad8242c51a442f3ff322d56b02f08852c77e4c0b4d3fd684abc89c683"

[[package]]
name = "itertools"
version = "0.11.0"
source = "registry+https://github.com/rust-lang/crates.io-index"
checksum = "b1c173a5686ce8bfa551b3563d0c2170bf24ca44da99c7ca4bfdab5418c3fe57"
dependencies = [
 "either",
]

[[package]]
name = "once_cell"
version = "1.19.0"
source = "registry+https://github.com/rust-lang/crates.io-index"
checksum = "3fdb12b2476b595f9358c5161aa467c2438859caa136dec86c26fdd2efe17b92"

[[package]]
name = "prettyplease"
version = "0.2.20"
source = "registry+https://github.com/rust-lang/crates.io-index"
checksum = "5f12335488a2f3b0a83b14edad48dca9879ce89b2edd10e80237e4e852dd645e"
dependencies = [
 "proc-macro2",
 "syn",
]

[[package]]
name = "proc-macro2"
version = "1.0.86"
source = "registry+https://github.com/rust-lang/crates.io-index"
checksum = "5e719e8df665df0d1c8fbfd238015744736151d4445ec0836b8e628aae103b77"
dependencies = [
 "unicode-ident",
]

[[package]]
name = "quote"
version = "1.0.36"
source = "registry+https://github.com/rust-lang/crates.io-index"
checksum = "0fa76aaf39101c457836aec0ce2316dbdc3ab723cdda1c6bd4e6ad4208acaca7"
dependencies = [
 "proc-macro2",
]

[[package]]
name = "syn"
version = "2.0.68"
source = "registry+https://github.com/rust-lang/crates.io-index"
checksum = "901fa70d88b9d6c98022e23b4136f9f3e54e4662c3bc1bd1d84a42a9a0f0c1e9"
dependencies = [
 "proc-macro2",
 "quote",
 "unicode-ident",
]

[[package]]
name = "unicode-ident"
version = "1.0.12"
source = "registry+https://github.com/rust-lang/crates.io-index"
checksum = "3354b9ac3fae1ff6755cb6db53683adb661634f67557942dea4facebec0fee4b"
