# This file is automatically @generated by Cargo.
# It is not intended for manual editing.
version = 3

[[package]]
name = "cgp"
version = "0.2.0"
dependencies = [
 "cgp-async",
 "cgp-core",
 "cgp-extra",
]

[[package]]
name = "cgp-async"
version = "0.2.0"
dependencies = [
 "cgp-async-macro",
 "cgp-sync",
]

[[package]]
name = "cgp-async-macro"
version = "0.2.0"
dependencies = [
 "proc-macro2",
 "quote",
 "syn",
]

[[package]]
name = "cgp-component"
version = "0.2.0"
dependencies = [
 "cgp-component-macro",
]

[[package]]
name = "cgp-component-macro"
version = "0.2.0"
dependencies = [
 "cgp-component-macro-lib",
 "proc-macro2",
]

[[package]]
name = "cgp-component-macro-lib"
version = "0.2.0"
dependencies = [
 "itertools",
 "prettyplease",
 "proc-macro2",
 "quote",
 "syn",
]

[[package]]
name = "cgp-core"
version = "0.2.0"
dependencies = [
 "cgp-async",
 "cgp-component",
 "cgp-error",
 "cgp-field",
 "cgp-inner",
 "cgp-type",
]

[[package]]
name = "cgp-error"
version = "0.2.0"
dependencies = [
 "cgp-async",
 "cgp-component",
 "cgp-type",
]

[[package]]
name = "cgp-error-eyre"
version = "0.2.0"
dependencies = [
 "cgp-core",
 "eyre",
]

[[package]]
name = "cgp-error-std"
version = "0.2.0"
dependencies = [
 "cgp-core",
]

[[package]]
name = "cgp-extra"
version = "0.2.0"
dependencies = [
 "cgp-run",
]

[[package]]
name = "cgp-field"
version = "0.2.0"
dependencies = [
 "cgp-component",
 "cgp-field-macro",
 "cgp-type",
]

[[package]]
name = "cgp-field-macro"
version = "0.2.0"
dependencies = [
 "cgp-field-macro-lib",
 "proc-macro2",
]

[[package]]
name = "cgp-field-macro-lib"
version = "0.2.0"
dependencies = [
 "itertools",
 "prettyplease",
 "proc-macro2",
 "quote",
 "syn",
]

[[package]]
name = "cgp-inner"
version = "0.2.0"
dependencies = [
 "cgp-component",
]

[[package]]
name = "cgp-run"
version = "0.2.0"
dependencies = [
 "cgp-async",
 "cgp-component",
 "cgp-error",
]

[[package]]
name = "cgp-sync"
version = "0.2.0"
dependencies = [
 "cgp-async-macro",
]

[[package]]
name = "cgp-type"
version = "0.2.0"
dependencies = [
 "cgp-component",
]

[[package]]
name = "either"
version = "1.13.0"
source = "registry+https://github.com/rust-lang/crates.io-index"
checksum = "60b1af1c220855b6ceac025d3f6ecdd2b7c4894bfe9cd9bda4fbb4bc7c0d4cf0"

[[package]]
name = "eyre"
version = "0.6.12"
source = "registry+https://github.com/rust-lang/crates.io-index"
checksum = "7cd915d99f24784cdc19fd37ef22b97e3ff0ae756c7e492e9fbfe897d61e2aec"
dependencies = [
 "indenter",
 "once_cell",
]

[[package]]
name = "indenter"
version = "0.3.3"
source = "registry+https://github.com/rust-lang/crates.io-index"
checksum = "ce23b50ad8242c51a442f3ff322d56b02f08852c77e4c0b4d3fd684abc89c683"

[[package]]
name = "itertools"
version = "0.13.0"
source = "registry+https://github.com/rust-lang/crates.io-index"
checksum = "413ee7dfc52ee1a4949ceeb7dbc8a33f2d6c088194d9f922fb8318faf1f01186"
dependencies = [
 "either",
]

[[package]]
name = "once_cell"
version = "1.20.2"
source = "registry+https://github.com/rust-lang/crates.io-index"
checksum = "1261fe7e33c73b354eab43b1273a57c8f967d0391e80353e51f764ac02cf6775"

[[package]]
name = "prettyplease"
version = "0.2.25"
source = "registry+https://github.com/rust-lang/crates.io-index"
checksum = "64d1ec885c64d0457d564db4ec299b2dae3f9c02808b8ad9c3a089c591b18033"
dependencies = [
 "proc-macro2",
 "syn",
]

[[package]]
name = "proc-macro2"
version = "1.0.92"
source = "registry+https://github.com/rust-lang/crates.io-index"
checksum = "37d3544b3f2748c54e147655edb5025752e2303145b5aefb3c3ea2c78b973bb0"
dependencies = [
 "unicode-ident",
]

[[package]]
name = "quote"
version = "1.0.37"
source = "registry+https://github.com/rust-lang/crates.io-index"
checksum = "b5b9d34b8991d19d98081b46eacdd8eb58c6f2b201139f7c5f643cc155a633af"
dependencies = [
 "proc-macro2",
]

[[package]]
name = "syn"
version = "2.0.90"
source = "registry+https://github.com/rust-lang/crates.io-index"
checksum = "919d3b74a5dd0ccd15aeb8f93e7006bd9e14c295087c9896a110f490752bcf31"
dependencies = [
 "proc-macro2",
 "quote",
 "unicode-ident",
]

[[package]]
name = "unicode-ident"
version = "1.0.14"
source = "registry+https://github.com/rust-lang/crates.io-index"
checksum = "adb9e6ca4f869e1180728b7950e35922a7fc6397f7b641499e8f3ef06e50dc83"
